
Microsoft Visual Studio Solution File, Format Version 12.00
# Visual Studio Version 17
VisualStudioVersion = 17.2.32516.85
MinimumVisualStudioVersion = 10.0.40219.1
Project("{FAE04EC0-301F-11D3-BF4B-00C04F79EFBC}") = "DependencyInjection", "DependencyInjection.csproj", "{A2FE2CE1-8215-49EB-891E-F1AEF4440EFD}"
EndProject
Global
	GlobalSection(SolutionConfigurationPlatforms) = preSolution
		Debug|Any CPU = Debug|Any CPU
		Release|Any CPU = Release|Any CPU
	EndGlobalSection
	GlobalSection(ProjectConfigurationPlatforms) = postSolution
		{A2FE2CE1-8215-49EB-891E-F1AEF4440EFD}.Debug|Any CPU.ActiveCfg = Debug|Any CPU
		{A2FE2CE1-8215-49EB-891E-F1AEF4440EFD}.Debug|Any CPU.Build.0 = Debug|Any CPU
		{A2FE2CE1-8215-49EB-891E-F1AEF4440EFD}.Release|Any CPU.ActiveCfg = Release|Any CPU
		{A2FE2CE1-8215-49EB-891E-F1AEF4440EFD}.Release|Any CPU.Build.0 = Release|Any CPU
	EndGlobalSection
	GlobalSection(SolutionProperties) = preSolution
		HideSolutionNode = FALSE
	EndGlobalSection
	GlobalSection(ExtensibilityGlobals) = postSolution
		SolutionGuid = {168CA877-8506-40E1-ADC9-CBE8456800D7}
	EndGlobalSection
EndGlobal
